
Microsoft Visual Studio Solution File, Format Version 12.00
# Visual Studio Version 16
VisualStudioVersion = 16.0.32106.194
MinimumVisualStudioVersion = 10.0.40219.1
Project("{FAE04EC0-301F-11D3-BF4B-00C04F79EFBC}") = "mockapp2", "mockapp2\mockapp2.csproj", "{0DBF67CE-F5FD-4DC0-B622-200DD29C46E7}"
EndProject
Global
	GlobalSection(SolutionConfigurationPlatforms) = preSolution
		Debug|Any CPU = Debug|Any CPU
		Release|Any CPU = Release|Any CPU
	EndGlobalSection
	GlobalSection(ProjectConfigurationPlatforms) = postSolution
		{0DBF67CE-F5FD-4DC0-B622-200DD29C46E7}.Debug|Any CPU.ActiveCfg = Debug|Any CPU
		{0DBF67CE-F5FD-4DC0-B622-200DD29C46E7}.Debug|Any CPU.Build.0 = Debug|Any CPU
		{0DBF67CE-F5FD-4DC0-B622-200DD29C46E7}.Release|Any CPU.ActiveCfg = Release|Any CPU
		{0DBF67CE-F5FD-4DC0-B622-200DD29C46E7}.Release|Any CPU.Build.0 = Release|Any CPU
	EndGlobalSection
	GlobalSection(SolutionProperties) = preSolution
		HideSolutionNode = FALSE
	EndGlobalSection
	GlobalSection(ExtensibilityGlobals) = postSolution
		SolutionGuid = {C89BCFD1-D0FE-4894-A0F6-F051D4DE755F}
	EndGlobalSection
EndGlobal
